// !$*UTF8*$!
{
	archiveVersion = 1;
	classes = {
	};
	objectVersion = 46;
	objects = {

/* Begin PBXBuildFile section */
		82C8E3BF1A8DE71C00A55423 /* main.m in Sources */ = {isa = PBXBuildFile; fileRef = 82C8E3BE1A8DE71C00A55423 /* main.m */; };
		82C8E3C21A8DE71C00A55423 /* AppDelegate.m in Sources */ = {isa = PBXBuildFile; fileRef = 82C8E3C11A8DE71C00A55423 /* AppDelegate.m */; };
		82C8E3C51A8DE71C00A55423 /* ViewController.m in Sources */ = {isa = PBXBuildFile; fileRef = 82C8E3C41A8DE71C00A55423 /* ViewController.m */; };
		82C8E3C81A8DE71C00A55423 /* Main.storyboard in Resources */ = {isa = PBXBuildFile; fileRef = 82C8E3C61A8DE71C00A55423 /* Main.storyboard */; };
		82C8E3CA1A8DE71C00A55423 /* Images.xcassets in Resources */ = {isa = PBXBuildFile; fileRef = 82C8E3C91A8DE71C00A55423 /* Images.xcassets */; };
		82C8E3CD1A8DE71C00A55423 /* LaunchScreen.xib in Resources */ = {isa = PBXBuildFile; fileRef = 82C8E3CB1A8DE71C00A55423 /* LaunchScreen.xib */; };
		82C8E3D91A8DE71C00A55423 /* TopAlertViewDemoTests.m in Sources */ = {isa = PBXBuildFile; fileRef = 82C8E3D81A8DE71C00A55423 /* TopAlertViewDemoTests.m */; };
		82C8E3E51A8DE7C900A55423 /* MozTopAlertView.m in Sources */ = {isa = PBXBuildFile; fileRef = 82C8E3E41A8DE7C900A55423 /* MozTopAlertView.m */; };
		82C8E3EE1A8DF1B800A55423 /* FAImageView.m in Sources */ = {isa = PBXBuildFile; fileRef = 82C8E3E81A8DF1B800A55423 /* FAImageView.m */; };
		82C8E3EF1A8DF1B800A55423 /* FontAwesome.ttf in Resources */ = {isa = PBXBuildFile; fileRef = 82C8E3E91A8DF1B800A55423 /* FontAwesome.ttf */; };
		82C8E3F01A8DF1B800A55423 /* NSString+FontAwesome.m in Sources */ = {isa = PBXBuildFile; fileRef = 82C8E3EB1A8DF1B800A55423 /* NSString+FontAwesome.m */; };
		82C8E3F11A8DF1B800A55423 /* UIFont+FontAwesome.m in Sources */ = {isa = PBXBuildFile; fileRef = 82C8E3ED1A8DF1B800A55423 /* UIFont+FontAwesome.m */; };
/* End PBXBuildFile section */

/* Begin PBXContainerItemProxy section */
		82C8E3D31A8DE71C00A55423 /* PBXContainerItemProxy */ = {
			isa = PBXContainerItemProxy;
			containerPortal = 82C8E3B11A8DE71C00A55423 /* Project object */;
			proxyType = 1;
			remoteGlobalIDString = 82C8E3B81A8DE71C00A55423;
			remoteInfo = TopAlertViewDemo;
		};
/* End PBXContainerItemProxy section */

/* Begin PBXFileReference section */
		82C8E3B91A8DE71C00A55423 /* TopAlertViewDemo.app */ = {isa = PBXFileReference; explicitFileType = wrapper.application; includeInIndex = 0; path = TopAlertViewDemo.app; sourceTree = BUILT_PRODUCTS_DIR; };
		82C8E3BD1A8DE71C00A55423 /* Info.plist */ = {isa = PBXFileReference; lastKnownFileType = text.plist.xml; path = Info.plist; sourceTree = "<group>"; };
		82C8E3BE1A8DE71C00A55423 /* main.m */ = {isa = PBXFileReference; lastKnownFileType = sourcecode.c.objc; path = main.m; sourceTree = "<group>"; };
		82C8E3C01A8DE71C00A55423 /* AppDelegate.h */ = {isa = PBXFileReference; lastKnownFileType = sourcecode.c.h; path = AppDelegate.h; sourceTree = "<group>"; };
		82C8E3C11A8DE71C00A55423 /* AppDelegate.m */ = {isa = PBXFileReference; lastKnownFileType = sourcecode.c.objc; path = AppDelegate.m; sourceTree = "<group>"; };
		82C8E3C31A8DE71C00A55423 /* ViewController.h */ = {isa = PBXFileReference; lastKnownFileType = sourcecode.c.h; path = ViewController.h; sourceTree = "<group>"; };
		82C8E3C41A8DE71C00A55423 /* ViewController.m */ = {isa = PBXFileReference; lastKnownFileType = sourcecode.c.objc; path = ViewController.m; sourceTree = "<group>"; };
		82C8E3C71A8DE71C00A55423 /* Base */ = {isa = PBXFileReference; lastKnownFileType = file.storyboard; name = Base; path = Base.lproj/Main.storyboard; sourceTree = "<group>"; };
		82C8E3C91A8DE71C00A55423 /* Images.xcassets */ = {isa = PBXFileReference; lastKnownFileType = folder.assetcatalog; path = Images.xcassets; sourceTree = "<group>"; };
		82C8E3CC1A8DE71C00A55423 /* Base */ = {isa = PBXFileReference; lastKnownFileType = file.xib; name = Base; path = Base.lproj/LaunchScreen.xib; sourceTree = "<group>"; };
		82C8E3D21A8DE71C00A55423 /* TopAlertViewDemoTests.xctest */ = {isa = PBXFileReference; explicitFileType = wrapper.cfbundle; includeInIndex = 0; path = TopAlertViewDemoTests.xctest; sourceTree = BUILT_PRODUCTS_DIR; };
		82C8E3D71A8DE71C00A55423 /* Info.plist */ = {isa = PBXFileReference; lastKnownFileType = text.plist.xml; path = Info.plist; sourceTree = "<group>"; };
		82C8E3D81A8DE71C00A55423 /* TopAlertViewDemoTests.m */ = {isa = PBXFileReference; lastKnownFileType = sourcecode.c.objc; path = TopAlertViewDemoTests.m; sourceTree = "<group>"; };
		82C8E3E31A8DE7C900A55423 /* MozTopAlertView.h */ = {isa = PBXFileReference; fileEncoding = 4; lastKnownFileType = sourcecode.c.h; path = MozTopAlertView.h; sourceTree = "<group>"; };
		82C8E3E41A8DE7C900A55423 /* MozTopAlertView.m */ = {isa = PBXFileReference; fileEncoding = 4; lastKnownFileType = sourcecode.c.objc; path = MozTopAlertView.m; sourceTree = "<group>"; };
		82C8E3E71A8DF1B800A55423 /* FAImageView.h */ = {isa = PBXFileReference; fileEncoding = 4; lastKnownFileType = sourcecode.c.h; path = FAImageView.h; sourceTree = "<group>"; };
		82C8E3E81A8DF1B800A55423 /* FAImageView.m */ = {isa = PBXFileReference; fileEncoding = 4; lastKnownFileType = sourcecode.c.objc; path = FAImageView.m; sourceTree = "<group>"; };
		82C8E3E91A8DF1B800A55423 /* FontAwesome.ttf */ = {isa = PBXFileReference; lastKnownFileType = file; path = FontAwesome.ttf; sourceTree = "<group>"; };
		82C8E3EA1A8DF1B800A55423 /* NSString+FontAwesome.h */ = {isa = PBXFileReference; fileEncoding = 4; lastKnownFileType = sourcecode.c.h; path = "NSString+FontAwesome.h"; sourceTree = "<group>"; };
		82C8E3EB1A8DF1B800A55423 /* NSString+FontAwesome.m */ = {isa = PBXFileReference; fileEncoding = 4; lastKnownFileType = sourcecode.c.objc; path = "NSString+FontAwesome.m"; sourceTree = "<group>"; };
		82C8E3EC1A8DF1B800A55423 /* UIFont+FontAwesome.h */ = {isa = PBXFileReference; fileEncoding = 4; lastKnownFileType = sourcecode.c.h; path = "UIFont+FontAwesome.h"; sourceTree = "<group>"; };
		82C8E3ED1A8DF1B800A55423 /* UIFont+FontAwesome.m */ = {isa = PBXFileReference; fileEncoding = 4; lastKnownFileType = sourcecode.c.objc; path = "UIFont+FontAwesome.m"; sourceTree = "<group>"; };
/* End PBXFileReference section */

/* Begin PBXFrameworksBuildPhase section */
		82C8E3B61A8DE71C00A55423 /* Frameworks */ = {
			isa = PBXFrameworksBuildPhase;
			buildActionMask = 2147483647;
			files = (
			);
			runOnlyForDeploymentPostprocessing = 0;
		};
		82C8E3CF1A8DE71C00A55423 /* Frameworks */ = {
			isa = PBXFrameworksBuildPhase;
			buildActionMask = 2147483647;
			files = (
			);
			runOnlyForDeploymentPostprocessing = 0;
		};
/* End PBXFrameworksBuildPhase section */

/* Begin PBXGroup section */
		82C8E3B01A8DE71C00A55423 = {
			isa = PBXGroup;
			children = (
				82C8E3BB1A8DE71C00A55423 /* TopAlertViewDemo */,
				82C8E3D51A8DE71C00A55423 /* TopAlertViewDemoTests */,
				82C8E3BA1A8DE71C00A55423 /* Products */,
			);
			sourceTree = "<group>";
		};
		82C8E3BA1A8DE71C00A55423 /* Products */ = {
			isa = PBXGroup;
			children = (
				82C8E3B91A8DE71C00A55423 /* TopAlertViewDemo.app */,
				82C8E3D21A8DE71C00A55423 /* TopAlertViewDemoTests.xctest */,
			);
			name = Products;
			sourceTree = "<group>";
		};
		82C8E3BB1A8DE71C00A55423 /* TopAlertViewDemo */ = {
			isa = PBXGroup;
			children = (
				82C8E3E21A8DE7C900A55423 /* TopAlertView */,
				82C8E3C01A8DE71C00A55423 /* AppDelegate.h */,
				82C8E3C11A8DE71C00A55423 /* AppDelegate.m */,
				82C8E3C31A8DE71C00A55423 /* ViewController.h */,
				82C8E3C41A8DE71C00A55423 /* ViewController.m */,
				82C8E3C61A8DE71C00A55423 /* Main.storyboard */,
				82C8E3C91A8DE71C00A55423 /* Images.xcassets */,
				82C8E3CB1A8DE71C00A55423 /* LaunchScreen.xib */,
				82C8E3BC1A8DE71C00A55423 /* Supporting Files */,
			);
			path = TopAlertViewDemo;
			sourceTree = "<group>";
		};
		82C8E3BC1A8DE71C00A55423 /* Supporting Files */ = {
			isa = PBXGroup;
			children = (
				82C8E3BD1A8DE71C00A55423 /* Info.plist */,
				82C8E3BE1A8DE71C00A55423 /* main.m */,
			);
			name = "Supporting Files";
			sourceTree = "<group>";
		};
		82C8E3D51A8DE71C00A55423 /* TopAlertViewDemoTests */ = {
			isa = PBXGroup;
			children = (
				82C8E3D81A8DE71C00A55423 /* TopAlertViewDemoTests.m */,
				82C8E3D61A8DE71C00A55423 /* Supporting Files */,
			);
			path = TopAlertViewDemoTests;
			sourceTree = "<group>";
		};
		82C8E3D61A8DE71C00A55423 /* Supporting Files */ = {
			isa = PBXGroup;
			children = (
				82C8E3D71A8DE71C00A55423 /* Info.plist */,
			);
			name = "Supporting Files";
			sourceTree = "<group>";
		};
		82C8E3E21A8DE7C900A55423 /* TopAlertView */ = {
			isa = PBXGroup;
			children = (
				82C8E3E61A8DF1B800A55423 /* fontawesome */,
				82C8E3E31A8DE7C900A55423 /* MozTopAlertView.h */,
				82C8E3E41A8DE7C900A55423 /* MozTopAlertView.m */,
			);
			path = TopAlertView;
			sourceTree = "<group>";
		};
		82C8E3E61A8DF1B800A55423 /* fontawesome */ = {
			isa = PBXGroup;
			children = (
				82C8E3E71A8DF1B800A55423 /* FAImageView.h */,
				82C8E3E81A8DF1B800A55423 /* FAImageView.m */,
				82C8E3E91A8DF1B800A55423 /* FontAwesome.ttf */,
				82C8E3EA1A8DF1B800A55423 /* NSString+FontAwesome.h */,
				82C8E3EB1A8DF1B800A55423 /* NSString+FontAwesome.m */,
				82C8E3EC1A8DF1B800A55423 /* UIFont+FontAwesome.h */,
				82C8E3ED1A8DF1B800A55423 /* UIFont+FontAwesome.m */,
			);
			path = fontawesome;
			sourceTree = "<group>";
		};
/* End PBXGroup section */

/* Begin PBXNativeTarget section */
		82C8E3B81A8DE71C00A55423 /* TopAlertViewDemo */ = {
			isa = PBXNativeTarget;
			buildConfigurationList = 82C8E3DC1A8DE71C00A55423 /* Build configuration list for PBXNativeTarget "TopAlertViewDemo" */;
			buildPhases = (
				82C8E3B51A8DE71C00A55423 /* Sources */,
				82C8E3B61A8DE71C00A55423 /* Frameworks */,
				82C8E3B71A8DE71C00A55423 /* Resources */,
			);
			buildRules = (
			);
			dependencies = (
			);
			name = TopAlertViewDemo;
			productName = TopAlertViewDemo;
			productReference = 82C8E3B91A8DE71C00A55423 /* TopAlertViewDemo.app */;
			productType = "com.apple.product-type.application";
		};
		82C8E3D11A8DE71C00A55423 /* TopAlertViewDemoTests */ = {
			isa = PBXNativeTarget;
			buildConfigurationList = 82C8E3DF1A8DE71C00A55423 /* Build configuration list for PBXNativeTarget "TopAlertViewDemoTests" */;
			buildPhases = (
				82C8E3CE1A8DE71C00A55423 /* Sources */,
				82C8E3CF1A8DE71C00A55423 /* Frameworks */,
				82C8E3D01A8DE71C00A55423 /* Resources */,
			);
			buildRules = (
			);
			dependencies = (
				82C8E3D41A8DE71C00A55423 /* PBXTargetDependency */,
			);
			name = TopAlertViewDemoTests;
			productName = TopAlertViewDemoTests;
			productReference = 82C8E3D21A8DE71C00A55423 /* TopAlertViewDemoTests.xctest */;
			productType = "com.apple.product-type.bundle.unit-test";
		};
/* End PBXNativeTarget section */

/* Begin PBXProject section */
		82C8E3B11A8DE71C00A55423 /* Project object */ = {
			isa = PBXProject;
			attributes = {
				LastUpgradeCheck = 0610;
				ORGANIZATIONNAME = MOZ;
				TargetAttributes = {
					82C8E3B81A8DE71C00A55423 = {
						CreatedOnToolsVersion = 6.1.1;
					};
					82C8E3D11A8DE71C00A55423 = {
						CreatedOnToolsVersion = 6.1.1;
						TestTargetID = 82C8E3B81A8DE71C00A55423;
					};
				};
			};
			buildConfigurationList = 82C8E3B41A8DE71C00A55423 /* Build configuration list for PBXProject "TopAlertViewDemo" */;
			compatibilityVersion = "Xcode 3.2";
			developmentRegion = English;
			hasScannedForEncodings = 0;
			knownRegions = (
				en,
				Base,
			);
			mainGroup = 82C8E3B01A8DE71C00A55423;
			productRefGroup = 82C8E3BA1A8DE71C00A55423 /* Products */;
			projectDirPath = "";
			projectRoot = "";
			targets = (
				82C8E3B81A8DE71C00A55423 /* TopAlertViewDemo */,
				82C8E3D11A8DE71C00A55423 /* TopAlertViewDemoTests */,
			);
		};
/* End PBXProject section */

/* Begin PBXResourcesBuildPhase section */
		82C8E3B71A8DE71C00A55423 /* Resources */ = {
			isa = PBXResourcesBuildPhase;
			buildActionMask = 2147483647;
			files = (
				82C8E3C81A8DE71C00A55423 /* Main.storyboard in Resources */,
				82C8E3CD1A8DE71C00A55423 /* LaunchScreen.xib in Resources */,
				82C8E3CA1A8DE71C00A55423 /* Images.xcassets in Resources */,
				82C8E3EF1A8DF1B800A55423 /* FontAwesome.ttf in Resources */,
			);
			runOnlyForDeploymentPostprocessing = 0;
		};
		82C8E3D01A8DE71C00A55423 /* Resources */ = {
			isa = PBXResourcesBuildPhase;
			buildActionMask = 2147483647;
			files = (
			);
			runOnlyForDeploymentPostprocessing = 0;
		};
/* End PBXResourcesBuildPhase section */

/* Begin PBXSourcesBuildPhase section */
		82C8E3B51A8DE71C00A55423 /* Sources */ = {
			isa = PBXSourcesBuildPhase;
			buildActionMask = 2147483647;
			files = (
				82C8E3E51A8DE7C900A55423 /* MozTopAlertView.m in Sources */,
				82C8E3C51A8DE71C00A55423 /* ViewController.m in Sources */,
				82C8E3F01A8DF1B800A55423 /* NSString+FontAwesome.m in Sources */,
				82C8E3EE1A8DF1B800A55423 /* FAImageView.m in Sources */,
				82C8E3F11A8DF1B800A55423 /* UIFont+FontAwesome.m in Sources */,
				82C8E3C21A8DE71C00A55423 /* AppDelegate.m in Sources */,
				82C8E3BF1A8DE71C00A55423 /* main.m in Sources */,
			);
			runOnlyForDeploymentPostprocessing = 0;
		};
		82C8E3CE1A8DE71C00A55423 /* Sources */ = {
			isa = PBXSourcesBuildPhase;
			buildActionMask = 2147483647;
			files = (
				82C8E3D91A8DE71C00A55423 /* TopAlertViewDemoTests.m in Sources */,
			);
			runOnlyForDeploymentPostprocessing = 0;
		};
/* End PBXSourcesBuildPhase section */

/* Begin PBXTargetDependency section */
		82C8E3D41A8DE71C00A55423 /* PBXTargetDependency */ = {
			isa = PBXTargetDependency;
			target = 82C8E3B81A8DE71C00A55423 /* TopAlertViewDemo */;
			targetProxy = 82C8E3D31A8DE71C00A55423 /* PBXContainerItemProxy */;
		};
/* End PBXTargetDependency section */

/* Begin PBXVariantGroup section */
		82C8E3C61A8DE71C00A55423 /* Main.storyboard */ = {
			isa = PBXVariantGroup;
			children = (
				82C8E3C71A8DE71C00A55423 /* Base */,
			);
			name = Main.storyboard;
			sourceTree = "<group>";
		};
		82C8E3CB1A8DE71C00A55423 /* LaunchScreen.xib */ = {
			isa = PBXVariantGroup;
			children = (
				82C8E3CC1A8DE71C00A55423 /* Base */,
			);
			name = LaunchScreen.xib;
			sourceTree = "<group>";
		};
/* End PBXVariantGroup section */

/* Begin XCBuildConfiguration section */
		82C8E3DA1A8DE71C00A55423 /* Debug */ = {
			isa = XCBuildConfiguration;
			buildSettings = {
				ALWAYS_SEARCH_USER_PATHS = NO;
				CLANG_CXX_LANGUAGE_STANDARD = "gnu++0x";
				CLANG_CXX_LIBRARY = "libc++";
				CLANG_ENABLE_MODULES = YES;
				CLANG_ENABLE_OBJC_ARC = YES;
				CLANG_WARN_BOOL_CONVERSION = YES;
				CLANG_WARN_CONSTANT_CONVERSION = YES;
				CLANG_WARN_DIRECT_OBJC_ISA_USAGE = YES_ERROR;
				CLANG_WARN_EMPTY_BODY = YES;
				CLANG_WARN_ENUM_CONVERSION = YES;
				CLANG_WARN_INT_CONVERSION = YES;
				CLANG_WARN_OBJC_ROOT_CLASS = YES_ERROR;
				CLANG_WARN_UNREACHABLE_CODE = YES;
				CLANG_WARN__DUPLICATE_METHOD_MATCH = YES;
				"CODE_SIGN_IDENTITY[sdk=iphoneos*]" = "iPhone Developer";
				COPY_PHASE_STRIP = NO;
				ENABLE_STRICT_OBJC_MSGSEND = YES;
				GCC_C_LANGUAGE_STANDARD = gnu99;
				GCC_DYNAMIC_NO_PIC = NO;
				GCC_OPTIMIZATION_LEVEL = 0;
				GCC_PREPROCESSOR_DEFINITIONS = (
					"DEBUG=1",
					"$(inherited)",
				);
				GCC_SYMBOLS_PRIVATE_EXTERN = NO;
				GCC_WARN_64_TO_32_BIT_CONVERSION = YES;
				GCC_WARN_ABOUT_RETURN_TYPE = YES_ERROR;
				GCC_WARN_UNDECLARED_SELECTOR = YES;
				GCC_WARN_UNINITIALIZED_AUTOS = YES_AGGRESSIVE;
				GCC_WARN_UNUSED_FUNCTION = YES;
				GCC_WARN_UNUSED_VARIABLE = YES;
				IPHONEOS_DEPLOYMENT_TARGET = 8.1;
				MTL_ENABLE_DEBUG_INFO = YES;
				ONLY_ACTIVE_ARCH = YES;
				SDKROOT = iphoneos;
			};
			name = Debug;
		};
		82C8E3DB1A8DE71C00A55423 /* Release */ = {
			isa = XCBuildConfiguration;
			buildSettings = {
				ALWAYS_SEARCH_USER_PATHS = NO;
				CLANG_CXX_LANGUAGE_STANDARD = "gnu++0x";
				CLANG_CXX_LIBRARY = "libc++";
				CLANG_ENABLE_MODULES = YES;
				CLANG_ENABLE_OBJC_ARC = YES;
				CLANG_WARN_BOOL_CONVERSION = YES;
				CLANG_WARN_CONSTANT_CONVERSION = YES;
				CLANG_WARN_DIRECT_OBJC_ISA_USAGE = YES_ERROR;
				CLANG_WARN_EMPTY_BODY = YES;
				CLANG_WARN_ENUM_CONVERSION = YES;
				CLANG_WARN_INT_CONVERSION = YES;
				CLANG_WARN_OBJC_ROOT_CLASS = YES_ERROR;
				CLANG_WARN_UNREACHABLE_CODE = YES;
				CLANG_WARN__DUPLICATE_METHOD_MATCH = YES;
				"CODE_SIGN_IDENTITY[sdk=iphoneos*]" = "iPhone Developer";
				COPY_PHASE_STRIP = YES;
				ENABLE_NS_ASSERTIONS = NO;
				ENABLE_STRICT_OBJC_MSGSEND = YES;
				GCC_C_LANGUAGE_STANDARD = gnu99;
				GCC_WARN_64_TO_32_BIT_CONVERSION = YES;
				GCC_WARN_ABOUT_RETURN_TYPE = YES_ERROR;
				GCC_WARN_UNDECLARED_SELECTOR = YES;
				GCC_WARN_UNINITIALIZED_AUTOS = YES_AGGRESSIVE;
				GCC_WARN_UNUSED_FUNCTION = YES;
				GCC_WARN_UNUSED_VARIABLE = YES;
				IPHONEOS_DEPLOYMENT_TARGET = 8.1;
				MTL_ENABLE_DEBUG_INFO = NO;
				SDKROOT = iphoneos;
				VALIDATE_PRODUCT = YES;
			};
			name = Release;
		};
		82C8E3DD1A8DE71C00A55423 /* Debug */ = {
			isa = XCBuildConfiguration;
			buildSettings = {
				ASSETCATALOG_COMPILER_APPICON_NAME = AppIcon;
				INFOPLIST_FILE = TopAlertViewDemo/Info.plist;
				LD_RUNPATH_SEARCH_PATHS = "$(inherited) @executable_path/Frameworks";
				PRODUCT_NAME = "$(TARGET_NAME)";
			};
			name = Debug;
		};
		82C8E3DE1A8DE71C00A55423 /* Release */ = {
			isa = XCBuildConfiguration;
			buildSettings = {
				ASSETCATALOG_COMPILER_APPICON_NAME = AppIcon;
				INFOPLIST_FILE = TopAlertViewDemo/Info.plist;
				LD_RUNPATH_SEARCH_PATHS = "$(inherited) @executable_path/Frameworks";
				PRODUCT_NAME = "$(TARGET_NAME)";
			};
			name = Release;
		};
		82C8E3E01A8DE71C00A55423 /* Debug */ = {
			isa = XCBuildConfiguration;
			buildSettings = {
				BUNDLE_LOADER = "$(TEST_HOST)";
				FRAMEWORK_SEARCH_PATHS = (
					"$(SDKROOT)/Developer/Library/Frameworks",
					"$(inherited)",
				);
				GCC_PREPROCESSOR_DEFINITIONS = (
					"DEBUG=1",
					"$(inherited)",
				);
				INFOPLIST_FILE = TopAlertViewDemoTests/Info.plist;
				LD_RUNPATH_SEARCH_PATHS = "$(inherited) @executable_path/Frameworks @loader_path/Frameworks";
				PRODUCT_NAME = "$(TARGET_NAME)";
				TEST_HOST = "$(BUILT_PRODUCTS_DIR)/TopAlertViewDemo.app/TopAlertViewDemo";
			};
			name = Debug;
		};
		82C8E3E11A8DE71C00A55423 /* Release */ = {
			isa = XCBuildConfiguration;
			buildSettings = {
				BUNDLE_LOADER = "$(TEST_HOST)";
				FRAMEWORK_SEARCH_PATHS = (
					"$(SDKROOT)/Developer/Library/Frameworks",
					"$(inherited)",
				);
				INFOPLIST_FILE = TopAlertViewDemoTests/Info.plist;
				LD_RUNPATH_SEARCH_PATHS = "$(inherited) @executable_path/Frameworks @loader_path/Frameworks";
				PRODUCT_NAME = "$(TARGET_NAME)";
				TEST_HOST = "$(BUILT_PRODUCTS_DIR)/TopAlertViewDemo.app/TopAlertViewDemo";
			};
			name = Release;
		};
/* End XCBuildConfiguration section */

/* Begin XCConfigurationList section */
		82C8E3B41A8DE71C00A55423 /* Build configuration list for PBXProject "TopAlertViewDemo" */ = {
			isa = XCConfigurationList;
			buildConfigurations = (
				82C8E3DA1A8DE71C00A55423 /* Debug */,
				82C8E3DB1A8DE71C00A55423 /* Release */,
			);
			defaultConfigurationIsVisible = 0;
			defaultConfigurationName = Release;
		};
		82C8E3DC1A8DE71C00A55423 /* Build configuration list for PBXNativeTarget "TopAlertViewDemo" */ = {
			isa = XCConfigurationList;
			buildConfigurations = (
				82C8E3DD1A8DE71C00A55423 /* Debug */,
				82C8E3DE1A8DE71C00A55423 /* Release */,
			);
			defaultConfigurationIsVisible = 0;
		};
		82C8E3DF1A8DE71C00A55423 /* Build configuration list for PBXNativeTarget "TopAlertViewDemoTests" */ = {
			isa = XCConfigurationList;
			buildConfigurations = (
				82C8E3E01A8DE71C00A55423 /* Debug */,
				82C8E3E11A8DE71C00A55423 /* Release */,
			);
			defaultConfigurationIsVisible = 0;
		};
/* End XCConfigurationList section */
	};
	rootObject = 82C8E3B11A8DE71C00A55423 /* Project object */;
}
